
Microsoft Visual Studio Solution File, Format Version 12.00
# Visual Studio Version 17
VisualStudioVersion = 17.14.36212.18 d17.14
MinimumVisualStudioVersion = 10.0.40219.1
Project("{FAE04EC0-301F-11D3-BF4B-00C04F79EFBC}") = "PizzaRendelesWPF", "PizzaRendelesWPF\PizzaRendelesWPF.csproj", "{895BA656-6714-47B4-B76D-1FC994DD3A96}"
EndProject
Global
	GlobalSection(SolutionConfigurationPlatforms) = preSolution
		Debug|Any CPU = Debug|Any CPU
		Release|Any CPU = Release|Any CPU
	EndGlobalSection
	GlobalSection(ProjectConfigurationPlatforms) = postSolution
		{895BA656-6714-47B4-B76D-1FC994DD3A96}.Debug|Any CPU.ActiveCfg = Debug|Any CPU
		{895BA656-6714-47B4-B76D-1FC994DD3A96}.Debug|Any CPU.Build.0 = Debug|Any CPU
		{895BA656-6714-47B4-B76D-1FC994DD3A96}.Release|Any CPU.ActiveCfg = Release|Any CPU
		{895BA656-6714-47B4-B76D-1FC994DD3A96}.Release|Any CPU.Build.0 = Release|Any CPU
	EndGlobalSection
	GlobalSection(SolutionProperties) = preSolution
		HideSolutionNode = FALSE
	EndGlobalSection
	GlobalSection(ExtensibilityGlobals) = postSolution
		SolutionGuid = {81D4EF0A-7FEA-4101-ADA5-EEF9980F5AA9}
	EndGlobalSection
EndGlobal
